// !$*UTF8*$!
{
	archiveVersion = 1;
	classes = {
	};
	objectVersion = 56;
	objects = {

/* Begin PBXBuildFile section */
		7C04C51B29056FC20039B739 /* ScreenPackage in Frameworks */ = {isa = PBXBuildFile; productRef = 7C04C51A29056FC20039B739 /* ScreenPackage */; };
		7C04C51D2905711B0039B739 /* Kingfisher in Frameworks */ = {isa = PBXBuildFile; productRef = 7C04C51C2905711B0039B739 /* Kingfisher */; };
		7C04C520290576950039B739 /* Booking in Frameworks */ = {isa = PBXBuildFile; productRef = 7C04C51F290576950039B739 /* Booking */; };
		7C04C523290AD1A50039B739 /* AppConfig in Frameworks */ = {isa = PBXBuildFile; productRef = 7C04C522290AD1A50039B739 /* AppConfig */; };
		7C04C526290AD1F50039B739 /* PlistModel.swift in Sources */ = {isa = PBXBuildFile; fileRef = 7C04C525290AD1F50039B739 /* PlistModel.swift */; };
		7C04C528290AD83F0039B739 /* config.plist in Resources */ = {isa = PBXBuildFile; fileRef = 7C04C527290AD83F0039B739 /* config.plist */; };
		7C05A20E29056876001DFE96 /* AppDelegate.swift in Sources */ = {isa = PBXBuildFile; fileRef = 7C05A20D29056876001DFE96 /* AppDelegate.swift */; };
		7C05A21029056876001DFE96 /* SceneDelegate.swift in Sources */ = {isa = PBXBuildFile; fileRef = 7C05A20F29056876001DFE96 /* SceneDelegate.swift */; };
		7C05A21229056876001DFE96 /* ViewController.swift in Sources */ = {isa = PBXBuildFile; fileRef = 7C05A21129056876001DFE96 /* ViewController.swift */; };
		7C05A21529056876001DFE96 /* Main.storyboard in Resources */ = {isa = PBXBuildFile; fileRef = 7C05A21329056876001DFE96 /* Main.storyboard */; };
		7C05A21729056878001DFE96 /* Assets.xcassets in Resources */ = {isa = PBXBuildFile; fileRef = 7C05A21629056878001DFE96 /* Assets.xcassets */; };
		7C05A21A29056878001DFE96 /* LaunchScreen.storyboard in Resources */ = {isa = PBXBuildFile; fileRef = 7C05A21829056878001DFE96 /* LaunchScreen.storyboard */; };
/* End PBXBuildFile section */

/* Begin PBXFileReference section */
		7C04C51E290576850039B739 /* Booking */ = {isa = PBXFileReference; lastKnownFileType = wrapper; name = Booking; path = ../../Booking; sourceTree = "<group>"; };
		7C04C521290AD19A0039B739 /* AppConfig */ = {isa = PBXFileReference; lastKnownFileType = wrapper; name = AppConfig; path = ../../AppConfig; sourceTree = "<group>"; };
		7C04C525290AD1F50039B739 /* PlistModel.swift */ = {isa = PBXFileReference; lastKnownFileType = sourcecode.swift; path = PlistModel.swift; sourceTree = "<group>"; };
		7C04C527290AD83F0039B739 /* config.plist */ = {isa = PBXFileReference; lastKnownFileType = text.plist.xml; path = config.plist; sourceTree = "<group>"; };
		7C05A20A29056876001DFE96 /* PackageTestDemo.app */ = {isa = PBXFileReference; explicitFileType = wrapper.application; includeInIndex = 0; path = PackageTestDemo.app; sourceTree = BUILT_PRODUCTS_DIR; };
		7C05A20D29056876001DFE96 /* AppDelegate.swift */ = {isa = PBXFileReference; lastKnownFileType = sourcecode.swift; path = AppDelegate.swift; sourceTree = "<group>"; };
		7C05A20F29056876001DFE96 /* SceneDelegate.swift */ = {isa = PBXFileReference; lastKnownFileType = sourcecode.swift; path = SceneDelegate.swift; sourceTree = "<group>"; };
		7C05A21129056876001DFE96 /* ViewController.swift */ = {isa = PBXFileReference; lastKnownFileType = sourcecode.swift; path = ViewController.swift; sourceTree = "<group>"; };
		7C05A21429056876001DFE96 /* Base */ = {isa = PBXFileReference; lastKnownFileType = file.storyboard; name = Base; path = Base.lproj/Main.storyboard; sourceTree = "<group>"; };
		7C05A21629056878001DFE96 /* Assets.xcassets */ = {isa = PBXFileReference; lastKnownFileType = folder.assetcatalog; path = Assets.xcassets; sourceTree = "<group>"; };
		7C05A21929056878001DFE96 /* Base */ = {isa = PBXFileReference; lastKnownFileType = file.storyboard; name = Base; path = Base.lproj/LaunchScreen.storyboard; sourceTree = "<group>"; };
		7C05A21B29056878001DFE96 /* Info.plist */ = {isa = PBXFileReference; lastKnownFileType = text.plist.xml; path = Info.plist; sourceTree = "<group>"; };
		7C25A22D290AE102006C156D /* AppConfig */ = {isa = PBXFileReference; lastKnownFileType = wrapper; name = AppConfig; path = ../../AppConfig; sourceTree = "<group>"; };
		7C25A22E290AE11D006C156D /* Booking */ = {isa = PBXFileReference; lastKnownFileType = wrapper; name = Booking; path = ../../Booking; sourceTree = "<group>"; };
		7C25A22F290AE12B006C156D /* ScreenPackage */ = {isa = PBXFileReference; lastKnownFileType = wrapper; name = ScreenPackage; path = ../../ScreenPackage; sourceTree = "<group>"; };
		7C89968A29056CCB003888AA /* ScreenPackage */ = {isa = PBXFileReference; lastKnownFileType = wrapper; name = ScreenPackage; path = ../../ScreenPackage; sourceTree = "<group>"; };
/* End PBXFileReference section */

/* Begin PBXFrameworksBuildPhase section */
		7C05A20729056876001DFE96 /* Frameworks */ = {
			isa = PBXFrameworksBuildPhase;
			buildActionMask = 2147483647;
			files = (
				7C04C523290AD1A50039B739 /* AppConfig in Frameworks */,
				7C04C520290576950039B739 /* Booking in Frameworks */,
				7C04C51D2905711B0039B739 /* Kingfisher in Frameworks */,
				7C04C51B29056FC20039B739 /* ScreenPackage in Frameworks */,
			);
			runOnlyForDeploymentPostprocessing = 0;
		};
/* End PBXFrameworksBuildPhase section */

/* Begin PBXGroup section */
		7C05A20129056876001DFE96 = {
			isa = PBXGroup;
			children = (
				7C25A22C290AE102006C156D /* Packages */,
				7C05A20C29056876001DFE96 /* PackageTestDemo */,
				7C05A20B29056876001DFE96 /* Products */,
				7C89968B29056CD5003888AA /* Frameworks */,
			);
			sourceTree = "<group>";
		};
		7C05A20B29056876001DFE96 /* Products */ = {
			isa = PBXGroup;
			children = (
				7C05A20A29056876001DFE96 /* PackageTestDemo.app */,
			);
			name = Products;
			sourceTree = "<group>";
		};
		7C05A20C29056876001DFE96 /* PackageTestDemo */ = {
			isa = PBXGroup;
			children = (
				7C05A20D29056876001DFE96 /* AppDelegate.swift */,
				7C05A20F29056876001DFE96 /* SceneDelegate.swift */,
				7C05A21129056876001DFE96 /* ViewController.swift */,
				7C05A21329056876001DFE96 /* Main.storyboard */,
				7C05A21629056878001DFE96 /* Assets.xcassets */,
				7C05A21829056878001DFE96 /* LaunchScreen.storyboard */,
				7C05A21B29056878001DFE96 /* Info.plist */,
				7C04C527290AD83F0039B739 /* config.plist */,
				7C04C521290AD19A0039B739 /* AppConfig */,
				7C04C51E290576850039B739 /* Booking */,
				7C89968A29056CCB003888AA /* ScreenPackage */,
				7C04C525290AD1F50039B739 /* PlistModel.swift */,
			);
			path = PackageTestDemo;
			sourceTree = "<group>";
		};
		7C25A22C290AE102006C156D /* Packages */ = {
			isa = PBXGroup;
			children = (
				7C25A22D290AE102006C156D /* AppConfig */,
				7C25A22E290AE11D006C156D /* Booking */,
				7C25A22F290AE12B006C156D /* ScreenPackage */,
			);
			name = Packages;
			sourceTree = "<group>";
		};
		7C89968B29056CD5003888AA /* Frameworks */ = {
			isa = PBXGroup;
			children = (
			);
			name = Frameworks;
			sourceTree = "<group>";
		};
/* End PBXGroup section */

/* Begin PBXNativeTarget section */
		7C05A20929056876001DFE96 /* PackageTestDemo */ = {
			isa = PBXNativeTarget;
			buildConfigurationList = 7C05A21E29056878001DFE96 /* Build configuration list for PBXNativeTarget "PackageTestDemo" */;
			buildPhases = (
				7C05A20629056876001DFE96 /* Sources */,
				7C05A20729056876001DFE96 /* Frameworks */,
				7C05A20829056876001DFE96 /* Resources */,
			);
			buildRules = (
			);
			dependencies = (
			);
			name = PackageTestDemo;
			packageProductDependencies = (
				7C04C51A29056FC20039B739 /* ScreenPackage */,
				7C04C51C2905711B0039B739 /* Kingfisher */,
				7C04C51F290576950039B739 /* Booking */,
				7C04C522290AD1A50039B739 /* AppConfig */,
			);
			productName = PackageTestDemo;
			productReference = 7C05A20A29056876001DFE96 /* PackageTestDemo.app */;
			productType = "com.apple.product-type.application";
		};
/* End PBXNativeTarget section */

/* Begin PBXProject section */
		7C05A20229056876001DFE96 /* Project object */ = {
			isa = PBXProject;
			attributes = {
				BuildIndependentTargetsInParallel = 1;
				LastSwiftUpdateCheck = 1400;
				LastUpgradeCheck = 1400;
				TargetAttributes = {
					7C05A20929056876001DFE96 = {
						CreatedOnToolsVersion = 14.0;
					};
				};
			};
			buildConfigurationList = 7C05A20529056876001DFE96 /* Build configuration list for PBXProject "PackageTestDemo" */;
			compatibilityVersion = "Xcode 14.0";
			developmentRegion = en;
			hasScannedForEncodings = 0;
			knownRegions = (
				en,
				Base,
			);
			mainGroup = 7C05A20129056876001DFE96;
			packageReferences = (
				7C05A221290568D9001DFE96 /* XCRemoteSwiftPackageReference "Kingfisher" */,
			);
			productRefGroup = 7C05A20B29056876001DFE96 /* Products */;
			projectDirPath = "";
			projectRoot = "";
			targets = (
				7C05A20929056876001DFE96 /* PackageTestDemo */,
			);
		};
/* End PBXProject section */

/* Begin PBXResourcesBuildPhase section */
		7C05A20829056876001DFE96 /* Resources */ = {
			isa = PBXResourcesBuildPhase;
			buildActionMask = 2147483647;
			files = (
				7C04C528290AD83F0039B739 /* config.plist in Resources */,
				7C05A21A29056878001DFE96 /* LaunchScreen.storyboard in Resources */,
				7C05A21729056878001DFE96 /* Assets.xcassets in Resources */,
				7C05A21529056876001DFE96 /* Main.storyboard in Resources */,
			);
			runOnlyForDeploymentPostprocessing = 0;
		};
/* End PBXResourcesBuildPhase section */

/* Begin PBXSourcesBuildPhase section */
		7C05A20629056876001DFE96 /* Sources */ = {
			isa = PBXSourcesBuildPhase;
			buildActionMask = 2147483647;
			files = (
				7C04C526290AD1F50039B739 /* PlistModel.swift in Sources */,
				7C05A21229056876001DFE96 /* ViewController.swift in Sources */,
				7C05A20E29056876001DFE96 /* AppDelegate.swift in Sources */,
				7C05A21029056876001DFE96 /* SceneDelegate.swift in Sources */,
			);
			runOnlyForDeploymentPostprocessing = 0;
		};
/* End PBXSourcesBuildPhase section */

/* Begin PBXVariantGroup section */
		7C05A21329056876001DFE96 /* Main.storyboard */ = {
			isa = PBXVariantGroup;
			children = (
				7C05A21429056876001DFE96 /* Base */,
			);
			name = Main.storyboard;
			sourceTree = "<group>";
		};
		7C05A21829056878001DFE96 /* LaunchScreen.storyboard */ = {
			isa = PBXVariantGroup;
			children = (
				7C05A21929056878001DFE96 /* Base */,
			);
			name = LaunchScreen.storyboard;
			sourceTree = "<group>";
		};
/* End PBXVariantGroup section */

/* Begin XCBuildConfiguration section */
		7C05A21C29056878001DFE96 /* Debug */ = {
			isa = XCBuildConfiguration;
			buildSettings = {
				ALWAYS_SEARCH_USER_PATHS = NO;
				CLANG_ANALYZER_NONNULL = YES;
				CLANG_ANALYZER_NUMBER_OBJECT_CONVERSION = YES_AGGRESSIVE;
				CLANG_CXX_LANGUAGE_STANDARD = "gnu++20";
				CLANG_ENABLE_MODULES = YES;
				CLANG_ENABLE_OBJC_ARC = YES;
				CLANG_ENABLE_OBJC_WEAK = YES;
				CLANG_WARN_BLOCK_CAPTURE_AUTORELEASING = YES;
				CLANG_WARN_BOOL_CONVERSION = YES;
				CLANG_WARN_COMMA = YES;
				CLANG_WARN_CONSTANT_CONVERSION = YES;
				CLANG_WARN_DEPRECATED_OBJC_IMPLEMENTATIONS = YES;
				CLANG_WARN_DIRECT_OBJC_ISA_USAGE = YES_ERROR;
				CLANG_WARN_DOCUMENTATION_COMMENTS = YES;
				CLANG_WARN_EMPTY_BODY = YES;
				CLANG_WARN_ENUM_CONVERSION = YES;
				CLANG_WARN_INFINITE_RECURSION = YES;
				CLANG_WARN_INT_CONVERSION = YES;
				CLANG_WARN_NON_LITERAL_NULL_CONVERSION = YES;
				CLANG_WARN_OBJC_IMPLICIT_RETAIN_SELF = YES;
				CLANG_WARN_OBJC_LITERAL_CONVERSION = YES;
				CLANG_WARN_OBJC_ROOT_CLASS = YES_ERROR;
				CLANG_WARN_QUOTED_INCLUDE_IN_FRAMEWORK_HEADER = YES;
				CLANG_WARN_RANGE_LOOP_ANALYSIS = YES;
				CLANG_WARN_STRICT_PROTOTYPES = YES;
				CLANG_WARN_SUSPICIOUS_MOVE = YES;
				CLANG_WARN_UNGUARDED_AVAILABILITY = YES_AGGRESSIVE;
				CLANG_WARN_UNREACHABLE_CODE = YES;
				CLANG_WARN__DUPLICATE_METHOD_MATCH = YES;
				COPY_PHASE_STRIP = NO;
				DEBUG_INFORMATION_FORMAT = dwarf;
				ENABLE_STRICT_OBJC_MSGSEND = YES;
				ENABLE_TESTABILITY = YES;
				GCC_C_LANGUAGE_STANDARD = gnu11;
				GCC_DYNAMIC_NO_PIC = NO;
				GCC_NO_COMMON_BLOCKS = YES;
				GCC_OPTIMIZATION_LEVEL = 0;
				GCC_PREPROCESSOR_DEFINITIONS = (
					"DEBUG=1",
					"$(inherited)",
				);
				GCC_WARN_64_TO_32_BIT_CONVERSION = YES;
				GCC_WARN_ABOUT_RETURN_TYPE = YES_ERROR;
				GCC_WARN_UNDECLARED_SELECTOR = YES;
				GCC_WARN_UNINITIALIZED_AUTOS = YES_AGGRESSIVE;
				GCC_WARN_UNUSED_FUNCTION = YES;
				GCC_WARN_UNUSED_VARIABLE = YES;
				IPHONEOS_DEPLOYMENT_TARGET = 16.0;
				MTL_ENABLE_DEBUG_INFO = INCLUDE_SOURCE;
				MTL_FAST_MATH = YES;
				ONLY_ACTIVE_ARCH = YES;
				SDKROOT = iphoneos;
				SWIFT_ACTIVE_COMPILATION_CONDITIONS = DEBUG;
				SWIFT_OPTIMIZATION_LEVEL = "-Onone";
			};
			name = Debug;
		};
		7C05A21D29056878001DFE96 /* Release */ = {
			isa = XCBuildConfiguration;
			buildSettings = {
				ALWAYS_SEARCH_USER_PATHS = NO;
				CLANG_ANALYZER_NONNULL = YES;
				CLANG_ANALYZER_NUMBER_OBJECT_CONVERSION = YES_AGGRESSIVE;
				CLANG_CXX_LANGUAGE_STANDARD = "gnu++20";
				CLANG_ENABLE_MODULES = YES;
				CLANG_ENABLE_OBJC_ARC = YES;
				CLANG_ENABLE_OBJC_WEAK = YES;
				CLANG_WARN_BLOCK_CAPTURE_AUTORELEASING = YES;
				CLANG_WARN_BOOL_CONVERSION = YES;
				CLANG_WARN_COMMA = YES;
				CLANG_WARN_CONSTANT_CONVERSION = YES;
				CLANG_WARN_DEPRECATED_OBJC_IMPLEMENTATIONS = YES;
				CLANG_WARN_DIRECT_OBJC_ISA_USAGE = YES_ERROR;
				CLANG_WARN_DOCUMENTATION_COMMENTS = YES;
				CLANG_WARN_EMPTY_BODY = YES;
				CLANG_WARN_ENUM_CONVERSION = YES;
				CLANG_WARN_INFINITE_RECURSION = YES;
				CLANG_WARN_INT_CONVERSION = YES;
				CLANG_WARN_NON_LITERAL_NULL_CONVERSION = YES;
				CLANG_WARN_OBJC_IMPLICIT_RETAIN_SELF = YES;
				CLANG_WARN_OBJC_LITERAL_CONVERSION = YES;
				CLANG_WARN_OBJC_ROOT_CLASS = YES_ERROR;
				CLANG_WARN_QUOTED_INCLUDE_IN_FRAMEWORK_HEADER = YES;
				CLANG_WARN_RANGE_LOOP_ANALYSIS = YES;
				CLANG_WARN_STRICT_PROTOTYPES = YES;
				CLANG_WARN_SUSPICIOUS_MOVE = YES;
				CLANG_WARN_UNGUARDED_AVAILABILITY = YES_AGGRESSIVE;
				CLANG_WARN_UNREACHABLE_CODE = YES;
				CLANG_WARN__DUPLICATE_METHOD_MATCH = YES;
				COPY_PHASE_STRIP = NO;
				DEBUG_INFORMATION_FORMAT = "dwarf-with-dsym";
				ENABLE_NS_ASSERTIONS = NO;
				ENABLE_STRICT_OBJC_MSGSEND = YES;
				GCC_C_LANGUAGE_STANDARD = gnu11;
				GCC_NO_COMMON_BLOCKS = YES;
				GCC_WARN_64_TO_32_BIT_CONVERSION = YES;
				GCC_WARN_ABOUT_RETURN_TYPE = YES_ERROR;
				GCC_WARN_UNDECLARED_SELECTOR = YES;
				GCC_WARN_UNINITIALIZED_AUTOS = YES_AGGRESSIVE;
				GCC_WARN_UNUSED_FUNCTION = YES;
				GCC_WARN_UNUSED_VARIABLE = YES;
				IPHONEOS_DEPLOYMENT_TARGET = 16.0;
				MTL_ENABLE_DEBUG_INFO = NO;
				MTL_FAST_MATH = YES;
				SDKROOT = iphoneos;
				SWIFT_COMPILATION_MODE = wholemodule;
				SWIFT_OPTIMIZATION_LEVEL = "-O";
				VALIDATE_PRODUCT = YES;
			};
			name = Release;
		};
		7C05A21F29056878001DFE96 /* Debug */ = {
			isa = XCBuildConfiguration;
			buildSettings = {
				ASSETCATALOG_COMPILER_APPICON_NAME = AppIcon;
				ASSETCATALOG_COMPILER_GLOBAL_ACCENT_COLOR_NAME = AccentColor;
				CODE_SIGN_STYLE = Automatic;
				CURRENT_PROJECT_VERSION = 1;
				DEVELOPMENT_TEAM = J7WKHSZ8C5;
				GENERATE_INFOPLIST_FILE = YES;
				INFOPLIST_FILE = PackageTestDemo/Info.plist;
				INFOPLIST_KEY_UIApplicationSupportsIndirectInputEvents = YES;
				INFOPLIST_KEY_UILaunchStoryboardName = LaunchScreen;
				INFOPLIST_KEY_UIMainStoryboardFile = Main;
				INFOPLIST_KEY_UISupportedInterfaceOrientations_iPad = "UIInterfaceOrientationPortrait UIInterfaceOrientationPortraitUpsideDown UIInterfaceOrientationLandscapeLeft UIInterfaceOrientationLandscapeRight";
				INFOPLIST_KEY_UISupportedInterfaceOrientations_iPhone = "UIInterfaceOrientationPortrait UIInterfaceOrientationLandscapeLeft UIInterfaceOrientationLandscapeRight";
				LD_RUNPATH_SEARCH_PATHS = (
					"$(inherited)",
					"@executable_path/Frameworks",
				);
				MARKETING_VERSION = 1.0;
				PRODUCT_BUNDLE_IDENTIFIER = ronan.mak.PackageTestDemo;
				PRODUCT_NAME = "$(TARGET_NAME)";
				SWIFT_EMIT_LOC_STRINGS = YES;
				SWIFT_VERSION = 5.0;
				TARGETED_DEVICE_FAMILY = "1,2";
			};
			name = Debug;
		};
		7C05A22029056878001DFE96 /* Release */ = {
			isa = XCBuildConfiguration;
			buildSettings = {
				ASSETCATALOG_COMPILER_APPICON_NAME = AppIcon;
				ASSETCATALOG_COMPILER_GLOBAL_ACCENT_COLOR_NAME = AccentColor;
				CODE_SIGN_STYLE = Automatic;
				CURRENT_PROJECT_VERSION = 1;
				DEVELOPMENT_TEAM = J7WKHSZ8C5;
				GENERATE_INFOPLIST_FILE = YES;
				INFOPLIST_FILE = PackageTestDemo/Info.plist;
				INFOPLIST_KEY_UIApplicationSupportsIndirectInputEvents = YES;
				INFOPLIST_KEY_UILaunchStoryboardName = LaunchScreen;
				INFOPLIST_KEY_UIMainStoryboardFile = Main;
				INFOPLIST_KEY_UISupportedInterfaceOrientations_iPad = "UIInterfaceOrientationPortrait UIInterfaceOrientationPortraitUpsideDown UIInterfaceOrientationLandscapeLeft UIInterfaceOrientationLandscapeRight";
				INFOPLIST_KEY_UISupportedInterfaceOrientations_iPhone = "UIInterfaceOrientationPortrait UIInterfaceOrientationLandscapeLeft UIInterfaceOrientationLandscapeRight";
				LD_RUNPATH_SEARCH_PATHS = (
					"$(inherited)",
					"@executable_path/Frameworks",
				);
				MARKETING_VERSION = 1.0;
				PRODUCT_BUNDLE_IDENTIFIER = ronan.mak.PackageTestDemo;
				PRODUCT_NAME = "$(TARGET_NAME)";
				SWIFT_EMIT_LOC_STRINGS = YES;
				SWIFT_VERSION = 5.0;
				TARGETED_DEVICE_FAMILY = "1,2";
			};
			name = Release;
		};
/* End XCBuildConfiguration section */

/* Begin XCConfigurationList section */
		7C05A20529056876001DFE96 /* Build configuration list for PBXProject "PackageTestDemo" */ = {
			isa = XCConfigurationList;
			buildConfigurations = (
				7C05A21C29056878001DFE96 /* Debug */,
				7C05A21D29056878001DFE96 /* Release */,
			);
			defaultConfigurationIsVisible = 0;
			defaultConfigurationName = Release;
		};
		7C05A21E29056878001DFE96 /* Build configuration list for PBXNativeTarget "PackageTestDemo" */ = {
			isa = XCConfigurationList;
			buildConfigurations = (
				7C05A21F29056878001DFE96 /* Debug */,
				7C05A22029056878001DFE96 /* Release */,
			);
			defaultConfigurationIsVisible = 0;
			defaultConfigurationName = Release;
		};
/* End XCConfigurationList section */

/* Begin XCRemoteSwiftPackageReference section */
		7C05A221290568D9001DFE96 /* XCRemoteSwiftPackageReference "Kingfisher" */ = {
			isa = XCRemoteSwiftPackageReference;
			repositoryURL = "https://github.com/onevcat/Kingfisher.git";
			requirement = {
				branch = master;
				kind = branch;
			};
		};
/* End XCRemoteSwiftPackageReference section */

/* Begin XCSwiftPackageProductDependency section */
		7C04C51A29056FC20039B739 /* ScreenPackage */ = {
			isa = XCSwiftPackageProductDependency;
			productName = ScreenPackage;
		};
		7C04C51C2905711B0039B739 /* Kingfisher */ = {
			isa = XCSwiftPackageProductDependency;
			package = 7C05A221290568D9001DFE96 /* XCRemoteSwiftPackageReference "Kingfisher" */;
			productName = Kingfisher;
		};
		7C04C51F290576950039B739 /* Booking */ = {
			isa = XCSwiftPackageProductDependency;
			productName = Booking;
		};
		7C04C522290AD1A50039B739 /* AppConfig */ = {
			isa = XCSwiftPackageProductDependency;
			productName = AppConfig;
		};
/* End XCSwiftPackageProductDependency section */
	};
	rootObject = 7C05A20229056876001DFE96 /* Project object */;
}
